
Microsoft Visual Studio Solution File, Format Version 12.00
# Visual Studio 15
VisualStudioVersion = 15.0.28307.136
MinimumVisualStudioVersion = 10.0.40219.1
Project("{2150E333-8FDC-42A3-9474-1A3956D46DE8}") = ".nuget", ".nuget", "{2BC1E84F-7185-4AC7-A8F7-27C658C58577}"
	ProjectSection(SolutionItems) = preProject
		.nuget\NuGet.Config = .nuget\NuGet.Config
		.nuget\NuGet.exe = .nuget\NuGet.exe
		.nuget\NuGet.targets = .nuget\NuGet.targets
	EndProjectSection
EndProject
Project("{FAE04EC0-301F-11D3-BF4B-00C04F79EFBC}") = "Grave", "Grave\Grave.csproj", "{15DB2CDC-CAFD-49E4-B71E-8D5843084065}"
EndProject
Project("{FAE04EC0-301F-11D3-BF4B-00C04F79EFBC}") = "Lucene.Net.Contrib.Management", "Lucene.Net.Contrib.Management\Lucene.Net.Contrib.Management.csproj", "{FB47E2AE-DC85-4A77-9FFB-2843B984C87B}"
EndProject
Project("{FAE04EC0-301F-11D3-BF4B-00C04F79EFBC}") = "Blueprints", "Blueprints\Blueprints.csproj", "{42ED5D37-0E20-4FC3-B6B1-F38A08283C30}"
EndProject
Project("{FAE04EC0-301F-11D3-BF4B-00C04F79EFBC}") = "Blueprints.Test", "Blueprints.Test\Blueprints.Test.csproj", "{CFFA3CED-73DD-4EB3-B464-88534D5CAA1B}"
EndProject
Project("{FAE04EC0-301F-11D3-BF4B-00C04F79EFBC}") = "Blueprints.TestSuite", "Blueprints.TestSuite\Blueprints.TestSuite.csproj", "{2F1387C2-845B-4D3D-9851-1B67FFD741AC}"
EndProject
Project("{FAE04EC0-301F-11D3-BF4B-00C04F79EFBC}") = "Grave.Test", "Grave.Test\Grave.Test.csproj", "{067ABBDC-F36E-4EF7-B068-654F5D281A46}"
EndProject
Project("{FAE04EC0-301F-11D3-BF4B-00C04F79EFBC}") = "Gremlinq", "Gremlinq\Gremlinq.csproj", "{BEF87227-A8BA-4EDC-835C-B13DE0E6A7C2}"
EndProject
Project("{FAE04EC0-301F-11D3-BF4B-00C04F79EFBC}") = "Gremlinq.Test", "Gremlinq.Test\Gremlinq.Test.csproj", "{E56BA77A-8BB0-4572-878A-3EBAB7A1B921}"
EndProject
Project("{FAE04EC0-301F-11D3-BF4B-00C04F79EFBC}") = "Infrastructure", "Infrastructure\Infrastructure.csproj", "{F3A4E6DC-BB03-409D-9BDE-71BC122D9008}"
EndProject
Project("{FAE04EC0-301F-11D3-BF4B-00C04F79EFBC}") = "CastleWindsor", "CastleWindsor\CastleWindsor.csproj", "{85BE6D38-B69A-4E33-8967-0619A14A8466}"
EndProject
Project("{FAE04EC0-301F-11D3-BF4B-00C04F79EFBC}") = "Lucene", "Lucene\Lucene.csproj", "{AFFC1718-E3E1-4774-8A30-EC8F7DFC6F2E}"
EndProject
Project("{FAE04EC0-301F-11D3-BF4B-00C04F79EFBC}") = "ElasticSearch", "ElasticSearch\ElasticSearch.csproj", "{7944C647-A149-4501-8A83-2EAEA917B69B}"
EndProject
Project("{FAE04EC0-301F-11D3-BF4B-00C04F79EFBC}") = "Redis", "Redis\Redis.csproj", "{8C80B2EB-F101-4082-8B60-50AB34AEB689}"
EndProject
Project("{FAE04EC0-301F-11D3-BF4B-00C04F79EFBC}") = "Redis.Test", "Redis.Test\Redis.Test.csproj", "{1B7B96D7-6E15-43E5-A7D9-C516F414AA77}"
EndProject
Global
	GlobalSection(SolutionConfigurationPlatforms) = preSolution
		Debug (.NET 4.0)|Any CPU = Debug (.NET 4.0)|Any CPU
		Debug|Any CPU = Debug|Any CPU
		Release (.NET 4.0)|Any CPU = Release (.NET 4.0)|Any CPU
		Release|Any CPU = Release|Any CPU
	EndGlobalSection
	GlobalSection(ProjectConfigurationPlatforms) = postSolution
		{15DB2CDC-CAFD-49E4-B71E-8D5843084065}.Debug (.NET 4.0)|Any CPU.ActiveCfg = Debug|Any CPU
		{15DB2CDC-CAFD-49E4-B71E-8D5843084065}.Debug (.NET 4.0)|Any CPU.Build.0 = Debug|Any CPU
		{15DB2CDC-CAFD-49E4-B71E-8D5843084065}.Debug|Any CPU.ActiveCfg = Debug|Any CPU
		{15DB2CDC-CAFD-49E4-B71E-8D5843084065}.Debug|Any CPU.Build.0 = Debug|Any CPU
		{15DB2CDC-CAFD-49E4-B71E-8D5843084065}.Release (.NET 4.0)|Any CPU.ActiveCfg = Release|Any CPU
		{15DB2CDC-CAFD-49E4-B71E-8D5843084065}.Release (.NET 4.0)|Any CPU.Build.0 = Release|Any CPU
		{15DB2CDC-CAFD-49E4-B71E-8D5843084065}.Release|Any CPU.ActiveCfg = Release|Any CPU
		{15DB2CDC-CAFD-49E4-B71E-8D5843084065}.Release|Any CPU.Build.0 = Release|Any CPU
		{FB47E2AE-DC85-4A77-9FFB-2843B984C87B}.Debug (.NET 4.0)|Any CPU.ActiveCfg = Debug|Any CPU
		{FB47E2AE-DC85-4A77-9FFB-2843B984C87B}.Debug (.NET 4.0)|Any CPU.Build.0 = Debug|Any CPU
		{FB47E2AE-DC85-4A77-9FFB-2843B984C87B}.Debug|Any CPU.ActiveCfg = Debug|Any CPU
		{FB47E2AE-DC85-4A77-9FFB-2843B984C87B}.Debug|Any CPU.Build.0 = Debug|Any CPU
		{FB47E2AE-DC85-4A77-9FFB-2843B984C87B}.Release (.NET 4.0)|Any CPU.ActiveCfg = Release|Any CPU
		{FB47E2AE-DC85-4A77-9FFB-2843B984C87B}.Release (.NET 4.0)|Any CPU.Build.0 = Release|Any CPU
		{FB47E2AE-DC85-4A77-9FFB-2843B984C87B}.Release|Any CPU.ActiveCfg = Release|Any CPU
		{FB47E2AE-DC85-4A77-9FFB-2843B984C87B}.Release|Any CPU.Build.0 = Release|Any CPU
		{42ED5D37-0E20-4FC3-B6B1-F38A08283C30}.Debug (.NET 4.0)|Any CPU.ActiveCfg = Debug|Any CPU
		{42ED5D37-0E20-4FC3-B6B1-F38A08283C30}.Debug (.NET 4.0)|Any CPU.Build.0 = Debug|Any CPU
		{42ED5D37-0E20-4FC3-B6B1-F38A08283C30}.Debug|Any CPU.ActiveCfg = Debug|Any CPU
		{42ED5D37-0E20-4FC3-B6B1-F38A08283C30}.Debug|Any CPU.Build.0 = Debug|Any CPU
		{42ED5D37-0E20-4FC3-B6B1-F38A08283C30}.Release (.NET 4.0)|Any CPU.ActiveCfg = Release|Any CPU
		{42ED5D37-0E20-4FC3-B6B1-F38A08283C30}.Release (.NET 4.0)|Any CPU.Build.0 = Release|Any CPU
		{42ED5D37-0E20-4FC3-B6B1-F38A08283C30}.Release|Any CPU.ActiveCfg = Release|Any CPU
		{42ED5D37-0E20-4FC3-B6B1-F38A08283C30}.Release|Any CPU.Build.0 = Release|Any CPU
		{CFFA3CED-73DD-4EB3-B464-88534D5CAA1B}.Debug (.NET 4.0)|Any CPU.ActiveCfg = Debug (.NET 4.0)|Any CPU
		{CFFA3CED-73DD-4EB3-B464-88534D5CAA1B}.Debug (.NET 4.0)|Any CPU.Build.0 = Debug (.NET 4.0)|Any CPU
		{CFFA3CED-73DD-4EB3-B464-88534D5CAA1B}.Debug|Any CPU.ActiveCfg = Debug|Any CPU
		{CFFA3CED-73DD-4EB3-B464-88534D5CAA1B}.Debug|Any CPU.Build.0 = Debug|Any CPU
		{CFFA3CED-73DD-4EB3-B464-88534D5CAA1B}.Release (.NET 4.0)|Any CPU.ActiveCfg = Release (.NET 4.0)|Any CPU
		{CFFA3CED-73DD-4EB3-B464-88534D5CAA1B}.Release (.NET 4.0)|Any CPU.Build.0 = Release (.NET 4.0)|Any CPU
		{CFFA3CED-73DD-4EB3-B464-88534D5CAA1B}.Release|Any CPU.ActiveCfg = Release|Any CPU
		{CFFA3CED-73DD-4EB3-B464-88534D5CAA1B}.Release|Any CPU.Build.0 = Release|Any CPU
		{2F1387C2-845B-4D3D-9851-1B67FFD741AC}.Debug (.NET 4.0)|Any CPU.ActiveCfg = Debug (.NET 4.0)|Any CPU
		{2F1387C2-845B-4D3D-9851-1B67FFD741AC}.Debug (.NET 4.0)|Any CPU.Build.0 = Debug (.NET 4.0)|Any CPU
		{2F1387C2-845B-4D3D-9851-1B67FFD741AC}.Debug|Any CPU.ActiveCfg = Debug|Any CPU
		{2F1387C2-845B-4D3D-9851-1B67FFD741AC}.Debug|Any CPU.Build.0 = Debug|Any CPU
		{2F1387C2-845B-4D3D-9851-1B67FFD741AC}.Release (.NET 4.0)|Any CPU.ActiveCfg = Release (.NET 4.0)|Any CPU
		{2F1387C2-845B-4D3D-9851-1B67FFD741AC}.Release (.NET 4.0)|Any CPU.Build.0 = Release (.NET 4.0)|Any CPU
		{2F1387C2-845B-4D3D-9851-1B67FFD741AC}.Release|Any CPU.ActiveCfg = Release|Any CPU
		{2F1387C2-845B-4D3D-9851-1B67FFD741AC}.Release|Any CPU.Build.0 = Release|Any CPU
		{067ABBDC-F36E-4EF7-B068-654F5D281A46}.Debug (.NET 4.0)|Any CPU.ActiveCfg = Debug|Any CPU
		{067ABBDC-F36E-4EF7-B068-654F5D281A46}.Debug (.NET 4.0)|Any CPU.Build.0 = Debug|Any CPU
		{067ABBDC-F36E-4EF7-B068-654F5D281A46}.Debug|Any CPU.ActiveCfg = Debug|Any CPU
		{067ABBDC-F36E-4EF7-B068-654F5D281A46}.Debug|Any CPU.Build.0 = Debug|Any CPU
		{067ABBDC-F36E-4EF7-B068-654F5D281A46}.Release (.NET 4.0)|Any CPU.ActiveCfg = Release|Any CPU
		{067ABBDC-F36E-4EF7-B068-654F5D281A46}.Release (.NET 4.0)|Any CPU.Build.0 = Release|Any CPU
		{067ABBDC-F36E-4EF7-B068-654F5D281A46}.Release|Any CPU.ActiveCfg = Release|Any CPU
		{067ABBDC-F36E-4EF7-B068-654F5D281A46}.Release|Any CPU.Build.0 = Release|Any CPU
		{BEF87227-A8BA-4EDC-835C-B13DE0E6A7C2}.Debug (.NET 4.0)|Any CPU.ActiveCfg = Debug|Any CPU
		{BEF87227-A8BA-4EDC-835C-B13DE0E6A7C2}.Debug (.NET 4.0)|Any CPU.Build.0 = Debug|Any CPU
		{BEF87227-A8BA-4EDC-835C-B13DE0E6A7C2}.Debug|Any CPU.ActiveCfg = Debug|Any CPU
		{BEF87227-A8BA-4EDC-835C-B13DE0E6A7C2}.Debug|Any CPU.Build.0 = Debug|Any CPU
		{BEF87227-A8BA-4EDC-835C-B13DE0E6A7C2}.Release (.NET 4.0)|Any CPU.ActiveCfg = Release|Any CPU
		{BEF87227-A8BA-4EDC-835C-B13DE0E6A7C2}.Release (.NET 4.0)|Any CPU.Build.0 = Release|Any CPU
		{BEF87227-A8BA-4EDC-835C-B13DE0E6A7C2}.Release|Any CPU.ActiveCfg = Release|Any CPU
		{BEF87227-A8BA-4EDC-835C-B13DE0E6A7C2}.Release|Any CPU.Build.0 = Release|Any CPU
		{E56BA77A-8BB0-4572-878A-3EBAB7A1B921}.Debug (.NET 4.0)|Any CPU.ActiveCfg = Debug|Any CPU
		{E56BA77A-8BB0-4572-878A-3EBAB7A1B921}.Debug (.NET 4.0)|Any CPU.Build.0 = Debug|Any CPU
		{E56BA77A-8BB0-4572-878A-3EBAB7A1B921}.Debug|Any CPU.ActiveCfg = Debug|Any CPU
		{E56BA77A-8BB0-4572-878A-3EBAB7A1B921}.Debug|Any CPU.Build.0 = Debug|Any CPU
		{E56BA77A-8BB0-4572-878A-3EBAB7A1B921}.Release (.NET 4.0)|Any CPU.ActiveCfg = Release|Any CPU
		{E56BA77A-8BB0-4572-878A-3EBAB7A1B921}.Release (.NET 4.0)|Any CPU.Build.0 = Release|Any CPU
		{E56BA77A-8BB0-4572-878A-3EBAB7A1B921}.Release|Any CPU.ActiveCfg = Release|Any CPU
		{E56BA77A-8BB0-4572-878A-3EBAB7A1B921}.Release|Any CPU.Build.0 = Release|Any CPU
		{F3A4E6DC-BB03-409D-9BDE-71BC122D9008}.Debug (.NET 4.0)|Any CPU.ActiveCfg = Debug|Any CPU
		{F3A4E6DC-BB03-409D-9BDE-71BC122D9008}.Debug (.NET 4.0)|Any CPU.Build.0 = Debug|Any CPU
		{F3A4E6DC-BB03-409D-9BDE-71BC122D9008}.Debug|Any CPU.ActiveCfg = Debug|Any CPU
		{F3A4E6DC-BB03-409D-9BDE-71BC122D9008}.Debug|Any CPU.Build.0 = Debug|Any CPU
		{F3A4E6DC-BB03-409D-9BDE-71BC122D9008}.Release (.NET 4.0)|Any CPU.ActiveCfg = Release|Any CPU
		{F3A4E6DC-BB03-409D-9BDE-71BC122D9008}.Release (.NET 4.0)|Any CPU.Build.0 = Release|Any CPU
		{F3A4E6DC-BB03-409D-9BDE-71BC122D9008}.Release|Any CPU.ActiveCfg = Release|Any CPU
		{F3A4E6DC-BB03-409D-9BDE-71BC122D9008}.Release|Any CPU.Build.0 = Release|Any CPU
		{85BE6D38-B69A-4E33-8967-0619A14A8466}.Debug (.NET 4.0)|Any CPU.ActiveCfg = Debug|Any CPU
		{85BE6D38-B69A-4E33-8967-0619A14A8466}.Debug (.NET 4.0)|Any CPU.Build.0 = Debug|Any CPU
		{85BE6D38-B69A-4E33-8967-0619A14A8466}.Debug|Any CPU.ActiveCfg = Debug|Any CPU
		{85BE6D38-B69A-4E33-8967-0619A14A8466}.Debug|Any CPU.Build.0 = Debug|Any CPU
		{85BE6D38-B69A-4E33-8967-0619A14A8466}.Release (.NET 4.0)|Any CPU.ActiveCfg = Release|Any CPU
		{85BE6D38-B69A-4E33-8967-0619A14A8466}.Release (.NET 4.0)|Any CPU.Build.0 = Release|Any CPU
		{85BE6D38-B69A-4E33-8967-0619A14A8466}.Release|Any CPU.ActiveCfg = Release|Any CPU
		{85BE6D38-B69A-4E33-8967-0619A14A8466}.Release|Any CPU.Build.0 = Release|Any CPU
		{AFFC1718-E3E1-4774-8A30-EC8F7DFC6F2E}.Debug (.NET 4.0)|Any CPU.ActiveCfg = Debug|Any CPU
		{AFFC1718-E3E1-4774-8A30-EC8F7DFC6F2E}.Debug (.NET 4.0)|Any CPU.Build.0 = Debug|Any CPU
		{AFFC1718-E3E1-4774-8A30-EC8F7DFC6F2E}.Debug|Any CPU.ActiveCfg = Debug|Any CPU
		{AFFC1718-E3E1-4774-8A30-EC8F7DFC6F2E}.Debug|Any CPU.Build.0 = Debug|Any CPU
		{AFFC1718-E3E1-4774-8A30-EC8F7DFC6F2E}.Release (.NET 4.0)|Any CPU.ActiveCfg = Release|Any CPU
		{AFFC1718-E3E1-4774-8A30-EC8F7DFC6F2E}.Release (.NET 4.0)|Any CPU.Build.0 = Release|Any CPU
		{AFFC1718-E3E1-4774-8A30-EC8F7DFC6F2E}.Release|Any CPU.ActiveCfg = Release|Any CPU
		{AFFC1718-E3E1-4774-8A30-EC8F7DFC6F2E}.Release|Any CPU.Build.0 = Release|Any CPU
		{7944C647-A149-4501-8A83-2EAEA917B69B}.Debug (.NET 4.0)|Any CPU.ActiveCfg = Debug|Any CPU
		{7944C647-A149-4501-8A83-2EAEA917B69B}.Debug (.NET 4.0)|Any CPU.Build.0 = Debug|Any CPU
		{7944C647-A149-4501-8A83-2EAEA917B69B}.Debug|Any CPU.ActiveCfg = Debug|Any CPU
		{7944C647-A149-4501-8A83-2EAEA917B69B}.Debug|Any CPU.Build.0 = Debug|Any CPU
		{7944C647-A149-4501-8A83-2EAEA917B69B}.Release (.NET 4.0)|Any CPU.ActiveCfg = Release|Any CPU
		{7944C647-A149-4501-8A83-2EAEA917B69B}.Release (.NET 4.0)|Any CPU.Build.0 = Release|Any CPU
		{7944C647-A149-4501-8A83-2EAEA917B69B}.Release|Any CPU.ActiveCfg = Release|Any CPU
		{7944C647-A149-4501-8A83-2EAEA917B69B}.Release|Any CPU.Build.0 = Release|Any CPU
		{8C80B2EB-F101-4082-8B60-50AB34AEB689}.Debug (.NET 4.0)|Any CPU.ActiveCfg = Debug|Any CPU
		{8C80B2EB-F101-4082-8B60-50AB34AEB689}.Debug (.NET 4.0)|Any CPU.Build.0 = Debug|Any CPU
		{8C80B2EB-F101-4082-8B60-50AB34AEB689}.Debug|Any CPU.ActiveCfg = Debug|Any CPU
		{8C80B2EB-F101-4082-8B60-50AB34AEB689}.Debug|Any CPU.Build.0 = Debug|Any CPU
		{8C80B2EB-F101-4082-8B60-50AB34AEB689}.Release (.NET 4.0)|Any CPU.ActiveCfg = Release|Any CPU
		{8C80B2EB-F101-4082-8B60-50AB34AEB689}.Release (.NET 4.0)|Any CPU.Build.0 = Release|Any CPU
		{8C80B2EB-F101-4082-8B60-50AB34AEB689}.Release|Any CPU.ActiveCfg = Release|Any CPU
		{8C80B2EB-F101-4082-8B60-50AB34AEB689}.Release|Any CPU.Build.0 = Release|Any CPU
		{1B7B96D7-6E15-43E5-A7D9-C516F414AA77}.Debug (.NET 4.0)|Any CPU.ActiveCfg = Debug|Any CPU
		{1B7B96D7-6E15-43E5-A7D9-C516F414AA77}.Debug (.NET 4.0)|Any CPU.Build.0 = Debug|Any CPU
		{1B7B96D7-6E15-43E5-A7D9-C516F414AA77}.Debug|Any CPU.ActiveCfg = Debug|Any CPU
		{1B7B96D7-6E15-43E5-A7D9-C516F414AA77}.Debug|Any CPU.Build.0 = Debug|Any CPU
		{1B7B96D7-6E15-43E5-A7D9-C516F414AA77}.Release (.NET 4.0)|Any CPU.ActiveCfg = Release|Any CPU
		{1B7B96D7-6E15-43E5-A7D9-C516F414AA77}.Release (.NET 4.0)|Any CPU.Build.0 = Release|Any CPU
		{1B7B96D7-6E15-43E5-A7D9-C516F414AA77}.Release|Any CPU.ActiveCfg = Release|Any CPU
		{1B7B96D7-6E15-43E5-A7D9-C516F414AA77}.Release|Any CPU.Build.0 = Release|Any CPU
	EndGlobalSection
	GlobalSection(SolutionProperties) = preSolution
		HideSolutionNode = FALSE
	EndGlobalSection
	GlobalSection(ExtensibilityGlobals) = postSolution
		SolutionGuid = {BA07BF7F-2BDC-462A-B22D-0B8E1497756F}
	EndGlobalSection
EndGlobal
