
Microsoft Visual Studio Solution File, Format Version 12.00
# Visual Studio 2012
Project("{FAE04EC0-301F-11D3-BF4B-00C04F79EFBC}") = "Blueprints (.NET 4.0)", "Blueprints-.NET4.0\Blueprints (.NET 4.0).csproj", "{30495F9B-5231-477B-B8AD-6D42E1E24D39}"
EndProject
Project("{FAE04EC0-301F-11D3-BF4B-00C04F79EFBC}") = "Blueprints.Testsuite (.NET 4.0)", "Blueprints.TestSuite-.NET4.0\Blueprints.Testsuite (.NET 4.0).csproj", "{71D5E1D9-83DA-4375-96E2-0B8BD8162973}"
EndProject
Project("{FAE04EC0-301F-11D3-BF4B-00C04F79EFBC}") = "Gremlinq (.NET 4.0)", "Gremlinq-.NET4.0\Gremlinq (.NET 4.0).csproj", "{1E901C3D-3105-4ADB-AD4B-0D100F6FA9C5}"
EndProject
Project("{2150E333-8FDC-42A3-9474-1A3956D46DE8}") = ".nuget", ".nuget", "{FFA2446F-3758-4285-B73E-F7A8353DADEE}"
	ProjectSection(SolutionItems) = preProject
		.nuget\NuGet.Config = .nuget\NuGet.Config
		.nuget\NuGet.exe = .nuget\NuGet.exe
		.nuget\NuGet.targets = .nuget\NuGet.targets
	EndProjectSection
EndProject
Global
	GlobalSection(SolutionConfigurationPlatforms) = preSolution
		Debug|Any CPU = Debug|Any CPU
		DebugClient|Any CPU = DebugClient|Any CPU
		Release|Any CPU = Release|Any CPU
		ReleaseClient|Any CPU = ReleaseClient|Any CPU
	EndGlobalSection
	GlobalSection(ProjectConfigurationPlatforms) = postSolution
		{30495F9B-5231-477B-B8AD-6D42E1E24D39}.Debug|Any CPU.ActiveCfg = Debug|Any CPU
		{30495F9B-5231-477B-B8AD-6D42E1E24D39}.Debug|Any CPU.Build.0 = Debug|Any CPU
		{30495F9B-5231-477B-B8AD-6D42E1E24D39}.DebugClient|Any CPU.ActiveCfg = DebugClient|Any CPU
		{30495F9B-5231-477B-B8AD-6D42E1E24D39}.DebugClient|Any CPU.Build.0 = DebugClient|Any CPU
		{30495F9B-5231-477B-B8AD-6D42E1E24D39}.Release|Any CPU.ActiveCfg = Release|Any CPU
		{30495F9B-5231-477B-B8AD-6D42E1E24D39}.Release|Any CPU.Build.0 = Release|Any CPU
		{30495F9B-5231-477B-B8AD-6D42E1E24D39}.ReleaseClient|Any CPU.ActiveCfg = ReleaseClient|Any CPU
		{30495F9B-5231-477B-B8AD-6D42E1E24D39}.ReleaseClient|Any CPU.Build.0 = ReleaseClient|Any CPU
		{71D5E1D9-83DA-4375-96E2-0B8BD8162973}.Debug|Any CPU.ActiveCfg = Debug|Any CPU
		{71D5E1D9-83DA-4375-96E2-0B8BD8162973}.Debug|Any CPU.Build.0 = Debug|Any CPU
		{71D5E1D9-83DA-4375-96E2-0B8BD8162973}.DebugClient|Any CPU.ActiveCfg = DebugClient|Any CPU
		{71D5E1D9-83DA-4375-96E2-0B8BD8162973}.DebugClient|Any CPU.Build.0 = DebugClient|Any CPU
		{71D5E1D9-83DA-4375-96E2-0B8BD8162973}.Release|Any CPU.ActiveCfg = Release|Any CPU
		{71D5E1D9-83DA-4375-96E2-0B8BD8162973}.Release|Any CPU.Build.0 = Release|Any CPU
		{71D5E1D9-83DA-4375-96E2-0B8BD8162973}.ReleaseClient|Any CPU.ActiveCfg = ReleaseClient|Any CPU
		{71D5E1D9-83DA-4375-96E2-0B8BD8162973}.ReleaseClient|Any CPU.Build.0 = ReleaseClient|Any CPU
		{1E901C3D-3105-4ADB-AD4B-0D100F6FA9C5}.Debug|Any CPU.ActiveCfg = Debug|Any CPU
		{1E901C3D-3105-4ADB-AD4B-0D100F6FA9C5}.Debug|Any CPU.Build.0 = Debug|Any CPU
		{1E901C3D-3105-4ADB-AD4B-0D100F6FA9C5}.DebugClient|Any CPU.ActiveCfg = Debug|Any CPU
		{1E901C3D-3105-4ADB-AD4B-0D100F6FA9C5}.DebugClient|Any CPU.Build.0 = Debug|Any CPU
		{1E901C3D-3105-4ADB-AD4B-0D100F6FA9C5}.Release|Any CPU.ActiveCfg = Release|Any CPU
		{1E901C3D-3105-4ADB-AD4B-0D100F6FA9C5}.Release|Any CPU.Build.0 = Release|Any CPU
		{1E901C3D-3105-4ADB-AD4B-0D100F6FA9C5}.ReleaseClient|Any CPU.ActiveCfg = Release|Any CPU
		{1E901C3D-3105-4ADB-AD4B-0D100F6FA9C5}.ReleaseClient|Any CPU.Build.0 = Release|Any CPU
	EndGlobalSection
	GlobalSection(SolutionProperties) = preSolution
		HideSolutionNode = FALSE
	EndGlobalSection
EndGlobal
